
Microsoft Visual Studio Solution File, Format Version 12.00
# Visual Studio 15
VisualStudioVersion = 15.0.27428.2015
MinimumVisualStudioVersion = 10.0.40219.1
Project("{FAE04EC0-301F-11D3-BF4B-00C04F79EFBC}") = "CalendarLocalization.Android", "CalendarLocalization\CalendarLocalization.Android\CalendarLocalization.Android.csproj", "{209AD53D-1F18-419B-811C-B1FCB829C9FE}"
EndProject
Project("{FAE04EC0-301F-11D3-BF4B-00C04F79EFBC}") = "CalendarLocalization.iOS", "CalendarLocalization\CalendarLocalization.iOS\CalendarLocalization.iOS.csproj", "{6F36984D-F666-4B6B-B2F1-4E7C82F8BA6B}"
EndProject
Project("{FAE04EC0-301F-11D3-BF4B-00C04F79EFBC}") = "CalendarLocalization.UWP", "CalendarLocalization\CalendarLocalization.UWP\CalendarLocalization.UWP.csproj", "{E83A8F8D-22D0-4C00-8479-01974425290A}"
EndProject
Project("{FAE04EC0-301F-11D3-BF4B-00C04F79EFBC}") = "CalendarLocalization", "CalendarLocalization\CalendarLocalization\CalendarLocalization.csproj", "{C1781463-BD87-4805-B44B-BB65368941FC}"
EndProject
Global
	GlobalSection(SolutionConfigurationPlatforms) = preSolution
		Ad-Hoc|Any CPU = Ad-Hoc|Any CPU
		Ad-Hoc|ARM = Ad-Hoc|ARM
		Ad-Hoc|iPhone = Ad-Hoc|iPhone
		Ad-Hoc|iPhoneSimulator = Ad-Hoc|iPhoneSimulator
		Ad-Hoc|x64 = Ad-Hoc|x64
		Ad-Hoc|x86 = Ad-Hoc|x86
		AppStore|Any CPU = AppStore|Any CPU
		AppStore|ARM = AppStore|ARM
		AppStore|iPhone = AppStore|iPhone
		AppStore|iPhoneSimulator = AppStore|iPhoneSimulator
		AppStore|x64 = AppStore|x64
		AppStore|x86 = AppStore|x86
		Debug|Any CPU = Debug|Any CPU
		Debug|ARM = Debug|ARM
		Debug|iPhone = Debug|iPhone
		Debug|iPhoneSimulator = Debug|iPhoneSimulator
		Debug|x64 = Debug|x64
		Debug|x86 = Debug|x86
		Release|Any CPU = Release|Any CPU
		Release|ARM = Release|ARM
		Release|iPhone = Release|iPhone
		Release|iPhoneSimulator = Release|iPhoneSimulator
		Release|x64 = Release|x64
		Release|x86 = Release|x86
	EndGlobalSection
	GlobalSection(ProjectConfigurationPlatforms) = postSolution
		{209AD53D-1F18-419B-811C-B1FCB829C9FE}.Ad-Hoc|Any CPU.ActiveCfg = Release|Any CPU
		{209AD53D-1F18-419B-811C-B1FCB829C9FE}.Ad-Hoc|Any CPU.Build.0 = Release|Any CPU
		{209AD53D-1F18-419B-811C-B1FCB829C9FE}.Ad-Hoc|Any CPU.Deploy.0 = Release|Any CPU
		{209AD53D-1F18-419B-811C-B1FCB829C9FE}.Ad-Hoc|ARM.ActiveCfg = Release|Any CPU
		{209AD53D-1F18-419B-811C-B1FCB829C9FE}.Ad-Hoc|ARM.Build.0 = Release|Any CPU
		{209AD53D-1F18-419B-811C-B1FCB829C9FE}.Ad-Hoc|ARM.Deploy.0 = Release|Any CPU
		{209AD53D-1F18-419B-811C-B1FCB829C9FE}.Ad-Hoc|iPhone.ActiveCfg = Release|Any CPU
		{209AD53D-1F18-419B-811C-B1FCB829C9FE}.Ad-Hoc|iPhone.Build.0 = Release|Any CPU
		{209AD53D-1F18-419B-811C-B1FCB829C9FE}.Ad-Hoc|iPhone.Deploy.0 = Release|Any CPU
		{209AD53D-1F18-419B-811C-B1FCB829C9FE}.Ad-Hoc|iPhoneSimulator.ActiveCfg = Release|Any CPU
		{209AD53D-1F18-419B-811C-B1FCB829C9FE}.Ad-Hoc|iPhoneSimulator.Build.0 = Release|Any CPU
		{209AD53D-1F18-419B-811C-B1FCB829C9FE}.Ad-Hoc|iPhoneSimulator.Deploy.0 = Release|Any CPU
		{209AD53D-1F18-419B-811C-B1FCB829C9FE}.Ad-Hoc|x64.ActiveCfg = Release|Any CPU
		{209AD53D-1F18-419B-811C-B1FCB829C9FE}.Ad-Hoc|x64.Build.0 = Release|Any CPU
		{209AD53D-1F18-419B-811C-B1FCB829C9FE}.Ad-Hoc|x64.Deploy.0 = Release|Any CPU
		{209AD53D-1F18-419B-811C-B1FCB829C9FE}.Ad-Hoc|x86.ActiveCfg = Release|Any CPU
		{209AD53D-1F18-419B-811C-B1FCB829C9FE}.Ad-Hoc|x86.Build.0 = Release|Any CPU
		{209AD53D-1F18-419B-811C-B1FCB829C9FE}.Ad-Hoc|x86.Deploy.0 = Release|Any CPU
		{209AD53D-1F18-419B-811C-B1FCB829C9FE}.AppStore|Any CPU.ActiveCfg = Release|Any CPU
		{209AD53D-1F18-419B-811C-B1FCB829C9FE}.AppStore|Any CPU.Build.0 = Release|Any CPU
		{209AD53D-1F18-419B-811C-B1FCB829C9FE}.AppStore|Any CPU.Deploy.0 = Release|Any CPU
		{209AD53D-1F18-419B-811C-B1FCB829C9FE}.AppStore|ARM.ActiveCfg = Release|Any CPU
		{209AD53D-1F18-419B-811C-B1FCB829C9FE}.AppStore|ARM.Build.0 = Release|Any CPU
		{209AD53D-1F18-419B-811C-B1FCB829C9FE}.AppStore|ARM.Deploy.0 = Release|Any CPU
		{209AD53D-1F18-419B-811C-B1FCB829C9FE}.AppStore|iPhone.ActiveCfg = Release|Any CPU
		{209AD53D-1F18-419B-811C-B1FCB829C9FE}.AppStore|iPhone.Build.0 = Release|Any CPU
		{209AD53D-1F18-419B-811C-B1FCB829C9FE}.AppStore|iPhone.Deploy.0 = Release|Any CPU
		{209AD53D-1F18-419B-811C-B1FCB829C9FE}.AppStore|iPhoneSimulator.ActiveCfg = Release|Any CPU
		{209AD53D-1F18-419B-811C-B1FCB829C9FE}.AppStore|iPhoneSimulator.Build.0 = Release|Any CPU
		{209AD53D-1F18-419B-811C-B1FCB829C9FE}.AppStore|iPhoneSimulator.Deploy.0 = Release|Any CPU
		{209AD53D-1F18-419B-811C-B1FCB829C9FE}.AppStore|x64.ActiveCfg = Release|Any CPU
		{209AD53D-1F18-419B-811C-B1FCB829C9FE}.AppStore|x64.Build.0 = Release|Any CPU
		{209AD53D-1F18-419B-811C-B1FCB829C9FE}.AppStore|x64.Deploy.0 = Release|Any CPU
		{209AD53D-1F18-419B-811C-B1FCB829C9FE}.AppStore|x86.ActiveCfg = Release|Any CPU
		{209AD53D-1F18-419B-811C-B1FCB829C9FE}.AppStore|x86.Build.0 = Release|Any CPU
		{209AD53D-1F18-419B-811C-B1FCB829C9FE}.AppStore|x86.Deploy.0 = Release|Any CPU
		{209AD53D-1F18-419B-811C-B1FCB829C9FE}.Debug|Any CPU.ActiveCfg = Debug|Any CPU
		{209AD53D-1F18-419B-811C-B1FCB829C9FE}.Debug|Any CPU.Build.0 = Debug|Any CPU
		{209AD53D-1F18-419B-811C-B1FCB829C9FE}.Debug|Any CPU.Deploy.0 = Debug|Any CPU
		{209AD53D-1F18-419B-811C-B1FCB829C9FE}.Debug|ARM.ActiveCfg = Debug|Any CPU
		{209AD53D-1F18-419B-811C-B1FCB829C9FE}.Debug|ARM.Build.0 = Debug|Any CPU
		{209AD53D-1F18-419B-811C-B1FCB829C9FE}.Debug|ARM.Deploy.0 = Debug|Any CPU
		{209AD53D-1F18-419B-811C-B1FCB829C9FE}.Debug|iPhone.ActiveCfg = Debug|Any CPU
		{209AD53D-1F18-419B-811C-B1FCB829C9FE}.Debug|iPhone.Build.0 = Debug|Any CPU
		{209AD53D-1F18-419B-811C-B1FCB829C9FE}.Debug|iPhone.Deploy.0 = Debug|Any CPU
		{209AD53D-1F18-419B-811C-B1FCB829C9FE}.Debug|iPhoneSimulator.ActiveCfg = Debug|Any CPU
		{209AD53D-1F18-419B-811C-B1FCB829C9FE}.Debug|iPhoneSimulator.Build.0 = Debug|Any CPU
		{209AD53D-1F18-419B-811C-B1FCB829C9FE}.Debug|iPhoneSimulator.Deploy.0 = Debug|Any CPU
		{209AD53D-1F18-419B-811C-B1FCB829C9FE}.Debug|x64.ActiveCfg = Debug|Any CPU
		{209AD53D-1F18-419B-811C-B1FCB829C9FE}.Debug|x64.Build.0 = Debug|Any CPU
		{209AD53D-1F18-419B-811C-B1FCB829C9FE}.Debug|x64.Deploy.0 = Debug|Any CPU
		{209AD53D-1F18-419B-811C-B1FCB829C9FE}.Debug|x86.ActiveCfg = Debug|Any CPU
		{209AD53D-1F18-419B-811C-B1FCB829C9FE}.Debug|x86.Build.0 = Debug|Any CPU
		{209AD53D-1F18-419B-811C-B1FCB829C9FE}.Debug|x86.Deploy.0 = Debug|Any CPU
		{209AD53D-1F18-419B-811C-B1FCB829C9FE}.Release|Any CPU.ActiveCfg = Release|Any CPU
		{209AD53D-1F18-419B-811C-B1FCB829C9FE}.Release|Any CPU.Build.0 = Release|Any CPU
		{209AD53D-1F18-419B-811C-B1FCB829C9FE}.Release|Any CPU.Deploy.0 = Release|Any CPU
		{209AD53D-1F18-419B-811C-B1FCB829C9FE}.Release|ARM.ActiveCfg = Release|Any CPU
		{209AD53D-1F18-419B-811C-B1FCB829C9FE}.Release|ARM.Build.0 = Release|Any CPU
		{209AD53D-1F18-419B-811C-B1FCB829C9FE}.Release|ARM.Deploy.0 = Release|Any CPU
		{209AD53D-1F18-419B-811C-B1FCB829C9FE}.Release|iPhone.ActiveCfg = Release|Any CPU
		{209AD53D-1F18-419B-811C-B1FCB829C9FE}.Release|iPhone.Build.0 = Release|Any CPU
		{209AD53D-1F18-419B-811C-B1FCB829C9FE}.Release|iPhone.Deploy.0 = Release|Any CPU
		{209AD53D-1F18-419B-811C-B1FCB829C9FE}.Release|iPhoneSimulator.ActiveCfg = Release|Any CPU
		{209AD53D-1F18-419B-811C-B1FCB829C9FE}.Release|iPhoneSimulator.Build.0 = Release|Any CPU
		{209AD53D-1F18-419B-811C-B1FCB829C9FE}.Release|iPhoneSimulator.Deploy.0 = Release|Any CPU
		{209AD53D-1F18-419B-811C-B1FCB829C9FE}.Release|x64.ActiveCfg = Release|Any CPU
		{209AD53D-1F18-419B-811C-B1FCB829C9FE}.Release|x64.Build.0 = Release|Any CPU
		{209AD53D-1F18-419B-811C-B1FCB829C9FE}.Release|x64.Deploy.0 = Release|Any CPU
		{209AD53D-1F18-419B-811C-B1FCB829C9FE}.Release|x86.ActiveCfg = Release|Any CPU
		{209AD53D-1F18-419B-811C-B1FCB829C9FE}.Release|x86.Build.0 = Release|Any CPU
		{209AD53D-1F18-419B-811C-B1FCB829C9FE}.Release|x86.Deploy.0 = Release|Any CPU
		{6F36984D-F666-4B6B-B2F1-4E7C82F8BA6B}.Ad-Hoc|Any CPU.ActiveCfg = Ad-Hoc|iPhone
		{6F36984D-F666-4B6B-B2F1-4E7C82F8BA6B}.Ad-Hoc|ARM.ActiveCfg = Ad-Hoc|iPhone
		{6F36984D-F666-4B6B-B2F1-4E7C82F8BA6B}.Ad-Hoc|iPhone.ActiveCfg = Ad-Hoc|iPhone
		{6F36984D-F666-4B6B-B2F1-4E7C82F8BA6B}.Ad-Hoc|iPhone.Build.0 = Ad-Hoc|iPhone
		{6F36984D-F666-4B6B-B2F1-4E7C82F8BA6B}.Ad-Hoc|iPhoneSimulator.ActiveCfg = Ad-Hoc|iPhoneSimulator
		{6F36984D-F666-4B6B-B2F1-4E7C82F8BA6B}.Ad-Hoc|iPhoneSimulator.Build.0 = Ad-Hoc|iPhoneSimulator
		{6F36984D-F666-4B6B-B2F1-4E7C82F8BA6B}.Ad-Hoc|x64.ActiveCfg = Ad-Hoc|iPhone
		{6F36984D-F666-4B6B-B2F1-4E7C82F8BA6B}.Ad-Hoc|x86.ActiveCfg = Ad-Hoc|iPhone
		{6F36984D-F666-4B6B-B2F1-4E7C82F8BA6B}.AppStore|Any CPU.ActiveCfg = AppStore|iPhone
		{6F36984D-F666-4B6B-B2F1-4E7C82F8BA6B}.AppStore|ARM.ActiveCfg = AppStore|iPhone
		{6F36984D-F666-4B6B-B2F1-4E7C82F8BA6B}.AppStore|iPhone.ActiveCfg = AppStore|iPhone
		{6F36984D-F666-4B6B-B2F1-4E7C82F8BA6B}.AppStore|iPhone.Build.0 = AppStore|iPhone
		{6F36984D-F666-4B6B-B2F1-4E7C82F8BA6B}.AppStore|iPhoneSimulator.ActiveCfg = AppStore|iPhoneSimulator
		{6F36984D-F666-4B6B-B2F1-4E7C82F8BA6B}.AppStore|iPhoneSimulator.Build.0 = AppStore|iPhoneSimulator
		{6F36984D-F666-4B6B-B2F1-4E7C82F8BA6B}.AppStore|x64.ActiveCfg = AppStore|iPhone
		{6F36984D-F666-4B6B-B2F1-4E7C82F8BA6B}.AppStore|x86.ActiveCfg = AppStore|iPhone
		{6F36984D-F666-4B6B-B2F1-4E7C82F8BA6B}.Debug|Any CPU.ActiveCfg = Debug|iPhone
		{6F36984D-F666-4B6B-B2F1-4E7C82F8BA6B}.Debug|ARM.ActiveCfg = Debug|iPhone
		{6F36984D-F666-4B6B-B2F1-4E7C82F8BA6B}.Debug|iPhone.ActiveCfg = Debug|iPhone
		{6F36984D-F666-4B6B-B2F1-4E7C82F8BA6B}.Debug|iPhone.Build.0 = Debug|iPhone
		{6F36984D-F666-4B6B-B2F1-4E7C82F8BA6B}.Debug|iPhoneSimulator.ActiveCfg = Debug|iPhoneSimulator
		{6F36984D-F666-4B6B-B2F1-4E7C82F8BA6B}.Debug|iPhoneSimulator.Build.0 = Debug|iPhoneSimulator
		{6F36984D-F666-4B6B-B2F1-4E7C82F8BA6B}.Debug|x64.ActiveCfg = Debug|iPhone
		{6F36984D-F666-4B6B-B2F1-4E7C82F8BA6B}.Debug|x86.ActiveCfg = Debug|iPhone
		{6F36984D-F666-4B6B-B2F1-4E7C82F8BA6B}.Release|Any CPU.ActiveCfg = Release|iPhone
		{6F36984D-F666-4B6B-B2F1-4E7C82F8BA6B}.Release|ARM.ActiveCfg = Release|iPhone
		{6F36984D-F666-4B6B-B2F1-4E7C82F8BA6B}.Release|iPhone.ActiveCfg = Release|iPhone
		{6F36984D-F666-4B6B-B2F1-4E7C82F8BA6B}.Release|iPhone.Build.0 = Release|iPhone
		{6F36984D-F666-4B6B-B2F1-4E7C82F8BA6B}.Release|iPhoneSimulator.ActiveCfg = Release|iPhoneSimulator
		{6F36984D-F666-4B6B-B2F1-4E7C82F8BA6B}.Release|iPhoneSimulator.Build.0 = Release|iPhoneSimulator
		{6F36984D-F666-4B6B-B2F1-4E7C82F8BA6B}.Release|x64.ActiveCfg = Release|iPhone
		{6F36984D-F666-4B6B-B2F1-4E7C82F8BA6B}.Release|x86.ActiveCfg = Release|iPhone
		{E83A8F8D-22D0-4C00-8479-01974425290A}.Ad-Hoc|Any CPU.ActiveCfg = Release|x86
		{E83A8F8D-22D0-4C00-8479-01974425290A}.Ad-Hoc|Any CPU.Build.0 = Release|x86
		{E83A8F8D-22D0-4C00-8479-01974425290A}.Ad-Hoc|Any CPU.Deploy.0 = Release|x86
		{E83A8F8D-22D0-4C00-8479-01974425290A}.Ad-Hoc|ARM.ActiveCfg = Release|ARM
		{E83A8F8D-22D0-4C00-8479-01974425290A}.Ad-Hoc|ARM.Build.0 = Release|ARM
		{E83A8F8D-22D0-4C00-8479-01974425290A}.Ad-Hoc|ARM.Deploy.0 = Release|ARM
		{E83A8F8D-22D0-4C00-8479-01974425290A}.Ad-Hoc|iPhone.ActiveCfg = Release|x86
		{E83A8F8D-22D0-4C00-8479-01974425290A}.Ad-Hoc|iPhone.Build.0 = Release|x86
		{E83A8F8D-22D0-4C00-8479-01974425290A}.Ad-Hoc|iPhone.Deploy.0 = Release|x86
		{E83A8F8D-22D0-4C00-8479-01974425290A}.Ad-Hoc|iPhoneSimulator.ActiveCfg = Release|x86
		{E83A8F8D-22D0-4C00-8479-01974425290A}.Ad-Hoc|iPhoneSimulator.Build.0 = Release|x86
		{E83A8F8D-22D0-4C00-8479-01974425290A}.Ad-Hoc|iPhoneSimulator.Deploy.0 = Release|x86
		{E83A8F8D-22D0-4C00-8479-01974425290A}.Ad-Hoc|x64.ActiveCfg = Release|x64
		{E83A8F8D-22D0-4C00-8479-01974425290A}.Ad-Hoc|x64.Build.0 = Release|x64
		{E83A8F8D-22D0-4C00-8479-01974425290A}.Ad-Hoc|x64.Deploy.0 = Release|x64
		{E83A8F8D-22D0-4C00-8479-01974425290A}.Ad-Hoc|x86.ActiveCfg = Release|x86
		{E83A8F8D-22D0-4C00-8479-01974425290A}.Ad-Hoc|x86.Build.0 = Release|x86
		{E83A8F8D-22D0-4C00-8479-01974425290A}.Ad-Hoc|x86.Deploy.0 = Release|x86
		{E83A8F8D-22D0-4C00-8479-01974425290A}.AppStore|Any CPU.ActiveCfg = Release|x86
		{E83A8F8D-22D0-4C00-8479-01974425290A}.AppStore|Any CPU.Build.0 = Release|x86
		{E83A8F8D-22D0-4C00-8479-01974425290A}.AppStore|Any CPU.Deploy.0 = Release|x86
		{E83A8F8D-22D0-4C00-8479-01974425290A}.AppStore|ARM.ActiveCfg = Release|ARM
		{E83A8F8D-22D0-4C00-8479-01974425290A}.AppStore|ARM.Build.0 = Release|ARM
		{E83A8F8D-22D0-4C00-8479-01974425290A}.AppStore|ARM.Deploy.0 = Release|ARM
		{E83A8F8D-22D0-4C00-8479-01974425290A}.AppStore|iPhone.ActiveCfg = Release|x86
		{E83A8F8D-22D0-4C00-8479-01974425290A}.AppStore|iPhone.Build.0 = Release|x86
		{E83A8F8D-22D0-4C00-8479-01974425290A}.AppStore|iPhone.Deploy.0 = Release|x86
		{E83A8F8D-22D0-4C00-8479-01974425290A}.AppStore|iPhoneSimulator.ActiveCfg = Release|x86
		{E83A8F8D-22D0-4C00-8479-01974425290A}.AppStore|iPhoneSimulator.Build.0 = Release|x86
		{E83A8F8D-22D0-4C00-8479-01974425290A}.AppStore|iPhoneSimulator.Deploy.0 = Release|x86
		{E83A8F8D-22D0-4C00-8479-01974425290A}.AppStore|x64.ActiveCfg = Release|x64
		{E83A8F8D-22D0-4C00-8479-01974425290A}.AppStore|x64.Build.0 = Release|x64
		{E83A8F8D-22D0-4C00-8479-01974425290A}.AppStore|x64.Deploy.0 = Release|x64
		{E83A8F8D-22D0-4C00-8479-01974425290A}.AppStore|x86.ActiveCfg = Release|x86
		{E83A8F8D-22D0-4C00-8479-01974425290A}.AppStore|x86.Build.0 = Release|x86
		{E83A8F8D-22D0-4C00-8479-01974425290A}.AppStore|x86.Deploy.0 = Release|x86
		{E83A8F8D-22D0-4C00-8479-01974425290A}.Debug|Any CPU.ActiveCfg = Debug|x86
		{E83A8F8D-22D0-4C00-8479-01974425290A}.Debug|ARM.ActiveCfg = Debug|ARM
		{E83A8F8D-22D0-4C00-8479-01974425290A}.Debug|ARM.Build.0 = Debug|ARM
		{E83A8F8D-22D0-4C00-8479-01974425290A}.Debug|ARM.Deploy.0 = Debug|ARM
		{E83A8F8D-22D0-4C00-8479-01974425290A}.Debug|iPhone.ActiveCfg = Debug|x86
		{E83A8F8D-22D0-4C00-8479-01974425290A}.Debug|iPhoneSimulator.ActiveCfg = Debug|x86
		{E83A8F8D-22D0-4C00-8479-01974425290A}.Debug|x64.ActiveCfg = Debug|x64
		{E83A8F8D-22D0-4C00-8479-01974425290A}.Debug|x64.Build.0 = Debug|x64
		{E83A8F8D-22D0-4C00-8479-01974425290A}.Debug|x64.Deploy.0 = Debug|x64
		{E83A8F8D-22D0-4C00-8479-01974425290A}.Debug|x86.ActiveCfg = Debug|x86
		{E83A8F8D-22D0-4C00-8479-01974425290A}.Debug|x86.Build.0 = Debug|x86
		{E83A8F8D-22D0-4C00-8479-01974425290A}.Debug|x86.Deploy.0 = Debug|x86
		{E83A8F8D-22D0-4C00-8479-01974425290A}.Release|Any CPU.ActiveCfg = Release|x86
		{E83A8F8D-22D0-4C00-8479-01974425290A}.Release|ARM.ActiveCfg = Release|ARM
		{E83A8F8D-22D0-4C00-8479-01974425290A}.Release|ARM.Build.0 = Release|ARM
		{E83A8F8D-22D0-4C00-8479-01974425290A}.Release|ARM.Deploy.0 = Release|ARM
		{E83A8F8D-22D0-4C00-8479-01974425290A}.Release|iPhone.ActiveCfg = Release|x86
		{E83A8F8D-22D0-4C00-8479-01974425290A}.Release|iPhoneSimulator.ActiveCfg = Release|x86
		{E83A8F8D-22D0-4C00-8479-01974425290A}.Release|x64.ActiveCfg = Release|x64
		{E83A8F8D-22D0-4C00-8479-01974425290A}.Release|x64.Build.0 = Release|x64
		{E83A8F8D-22D0-4C00-8479-01974425290A}.Release|x64.Deploy.0 = Release|x64
		{E83A8F8D-22D0-4C00-8479-01974425290A}.Release|x86.ActiveCfg = Release|x86
		{E83A8F8D-22D0-4C00-8479-01974425290A}.Release|x86.Build.0 = Release|x86
		{E83A8F8D-22D0-4C00-8479-01974425290A}.Release|x86.Deploy.0 = Release|x86
		{C1781463-BD87-4805-B44B-BB65368941FC}.Ad-Hoc|Any CPU.ActiveCfg = Debug|Any CPU
		{C1781463-BD87-4805-B44B-BB65368941FC}.Ad-Hoc|Any CPU.Build.0 = Debug|Any CPU
		{C1781463-BD87-4805-B44B-BB65368941FC}.Ad-Hoc|ARM.ActiveCfg = Debug|Any CPU
		{C1781463-BD87-4805-B44B-BB65368941FC}.Ad-Hoc|ARM.Build.0 = Debug|Any CPU
		{C1781463-BD87-4805-B44B-BB65368941FC}.Ad-Hoc|iPhone.ActiveCfg = Debug|Any CPU
		{C1781463-BD87-4805-B44B-BB65368941FC}.Ad-Hoc|iPhone.Build.0 = Debug|Any CPU
		{C1781463-BD87-4805-B44B-BB65368941FC}.Ad-Hoc|iPhoneSimulator.ActiveCfg = Debug|Any CPU
		{C1781463-BD87-4805-B44B-BB65368941FC}.Ad-Hoc|iPhoneSimulator.Build.0 = Debug|Any CPU
		{C1781463-BD87-4805-B44B-BB65368941FC}.Ad-Hoc|x64.ActiveCfg = Debug|Any CPU
		{C1781463-BD87-4805-B44B-BB65368941FC}.Ad-Hoc|x64.Build.0 = Debug|Any CPU
		{C1781463-BD87-4805-B44B-BB65368941FC}.Ad-Hoc|x86.ActiveCfg = Debug|Any CPU
		{C1781463-BD87-4805-B44B-BB65368941FC}.Ad-Hoc|x86.Build.0 = Debug|Any CPU
		{C1781463-BD87-4805-B44B-BB65368941FC}.AppStore|Any CPU.ActiveCfg = Debug|Any CPU
		{C1781463-BD87-4805-B44B-BB65368941FC}.AppStore|Any CPU.Build.0 = Debug|Any CPU
		{C1781463-BD87-4805-B44B-BB65368941FC}.AppStore|ARM.ActiveCfg = Debug|Any CPU
		{C1781463-BD87-4805-B44B-BB65368941FC}.AppStore|ARM.Build.0 = Debug|Any CPU
		{C1781463-BD87-4805-B44B-BB65368941FC}.AppStore|iPhone.ActiveCfg = Debug|Any CPU
		{C1781463-BD87-4805-B44B-BB65368941FC}.AppStore|iPhone.Build.0 = Debug|Any CPU
		{C1781463-BD87-4805-B44B-BB65368941FC}.AppStore|iPhoneSimulator.ActiveCfg = Debug|Any CPU
		{C1781463-BD87-4805-B44B-BB65368941FC}.AppStore|iPhoneSimulator.Build.0 = Debug|Any CPU
		{C1781463-BD87-4805-B44B-BB65368941FC}.AppStore|x64.ActiveCfg = Debug|Any CPU
		{C1781463-BD87-4805-B44B-BB65368941FC}.AppStore|x64.Build.0 = Debug|Any CPU
		{C1781463-BD87-4805-B44B-BB65368941FC}.AppStore|x86.ActiveCfg = Debug|Any CPU
		{C1781463-BD87-4805-B44B-BB65368941FC}.AppStore|x86.Build.0 = Debug|Any CPU
		{C1781463-BD87-4805-B44B-BB65368941FC}.Debug|Any CPU.ActiveCfg = Debug|Any CPU
		{C1781463-BD87-4805-B44B-BB65368941FC}.Debug|Any CPU.Build.0 = Debug|Any CPU
		{C1781463-BD87-4805-B44B-BB65368941FC}.Debug|ARM.ActiveCfg = Debug|Any CPU
		{C1781463-BD87-4805-B44B-BB65368941FC}.Debug|ARM.Build.0 = Debug|Any CPU
		{C1781463-BD87-4805-B44B-BB65368941FC}.Debug|iPhone.ActiveCfg = Debug|Any CPU
		{C1781463-BD87-4805-B44B-BB65368941FC}.Debug|iPhone.Build.0 = Debug|Any CPU
		{C1781463-BD87-4805-B44B-BB65368941FC}.Debug|iPhoneSimulator.ActiveCfg = Debug|Any CPU
		{C1781463-BD87-4805-B44B-BB65368941FC}.Debug|iPhoneSimulator.Build.0 = Debug|Any CPU
		{C1781463-BD87-4805-B44B-BB65368941FC}.Debug|x64.ActiveCfg = Debug|Any CPU
		{C1781463-BD87-4805-B44B-BB65368941FC}.Debug|x64.Build.0 = Debug|Any CPU
		{C1781463-BD87-4805-B44B-BB65368941FC}.Debug|x86.ActiveCfg = Debug|Any CPU
		{C1781463-BD87-4805-B44B-BB65368941FC}.Debug|x86.Build.0 = Debug|Any CPU
		{C1781463-BD87-4805-B44B-BB65368941FC}.Release|Any CPU.ActiveCfg = Release|Any CPU
		{C1781463-BD87-4805-B44B-BB65368941FC}.Release|Any CPU.Build.0 = Release|Any CPU
		{C1781463-BD87-4805-B44B-BB65368941FC}.Release|ARM.ActiveCfg = Release|Any CPU
		{C1781463-BD87-4805-B44B-BB65368941FC}.Release|ARM.Build.0 = Release|Any CPU
		{C1781463-BD87-4805-B44B-BB65368941FC}.Release|iPhone.ActiveCfg = Release|Any CPU
		{C1781463-BD87-4805-B44B-BB65368941FC}.Release|iPhone.Build.0 = Release|Any CPU
		{C1781463-BD87-4805-B44B-BB65368941FC}.Release|iPhoneSimulator.ActiveCfg = Release|Any CPU
		{C1781463-BD87-4805-B44B-BB65368941FC}.Release|iPhoneSimulator.Build.0 = Release|Any CPU
		{C1781463-BD87-4805-B44B-BB65368941FC}.Release|x64.ActiveCfg = Release|Any CPU
		{C1781463-BD87-4805-B44B-BB65368941FC}.Release|x64.Build.0 = Release|Any CPU
		{C1781463-BD87-4805-B44B-BB65368941FC}.Release|x86.ActiveCfg = Release|Any CPU
		{C1781463-BD87-4805-B44B-BB65368941FC}.Release|x86.Build.0 = Release|Any CPU
	EndGlobalSection
	GlobalSection(SolutionProperties) = preSolution
		HideSolutionNode = FALSE
	EndGlobalSection
	GlobalSection(ExtensibilityGlobals) = postSolution
		SolutionGuid = {461730D7-9642-4CE5-B4D9-6E3E85C025D3}
	EndGlobalSection
EndGlobal
